
Microsoft Visual Studio Solution File, Format Version 12.00
# Visual Studio Version 17
VisualStudioVersion = 17.1.32328.378
MinimumVisualStudioVersion = 10.0.40219.1
Project("{FAE04EC0-301F-11D3-BF4B-00C04F79EFBC}") = "BabyShop", "BabyShop\BabyShop.csproj", "{2D197CBF-EA85-4821-AB80-A8B13DDB3D53}"
EndProject
Global
	GlobalSection(SolutionConfigurationPlatforms) = preSolution
		Debug|Any CPU = Debug|Any CPU
		Release|Any CPU = Release|Any CPU
	EndGlobalSection
	GlobalSection(ProjectConfigurationPlatforms) = postSolution
		{2D197CBF-EA85-4821-AB80-A8B13DDB3D53}.Debug|Any CPU.ActiveCfg = Debug|Any CPU
		{2D197CBF-EA85-4821-AB80-A8B13DDB3D53}.Debug|Any CPU.Build.0 = Debug|Any CPU
		{2D197CBF-EA85-4821-AB80-A8B13DDB3D53}.Release|Any CPU.ActiveCfg = Release|Any CPU
		{2D197CBF-EA85-4821-AB80-A8B13DDB3D53}.Release|Any CPU.Build.0 = Release|Any CPU
	EndGlobalSection
	GlobalSection(SolutionProperties) = preSolution
		HideSolutionNode = FALSE
	EndGlobalSection
	GlobalSection(ExtensibilityGlobals) = postSolution
		SolutionGuid = {C78D7C87-7CAE-4BCA-9C69-07DB72CA7BFA}
	EndGlobalSection
EndGlobal
